
Microsoft Visual Studio Solution File, Format Version 12.00
Project("{FAE04EC0-301F-11D3-BF4B-00C04F79EFBC}") = "MovieAdviser.Domain", "MovieAdviser.Domain\MovieAdviser.Domain.csproj", "{026B8199-D2FD-4D00-8122-C90BD36574D0}"
EndProject
Project("{FAE04EC0-301F-11D3-BF4B-00C04F79EFBC}") = "MovieAdviser.DataAccess", "MovieAdviser.DataAccess\MovieAdviser.DataAccess.csproj", "{F237B54C-B79D-4F5B-9165-A29AB8CE48BB}"
EndProject
Project("{FAE04EC0-301F-11D3-BF4B-00C04F79EFBC}") = "MovieAdviser.BusinessLogic", "MovieAdviser.BusinessLogic\MovieAdviser.BusinessLogic.csproj", "{B260B490-0FF2-494D-AD8A-7DC5FF0AD37E}"
EndProject
Project("{FAE04EC0-301F-11D3-BF4B-00C04F79EFBC}") = "MovieAdviser.BusinessLogic.Tests", "MovieAdviser.BusinessLogic.Tests\MovieAdviser.BusinessLogic.Tests.csproj", "{8ED404E2-4363-40B2-B44E-30986BD692F6}"
EndProject
Project("{FAE04EC0-301F-11D3-BF4B-00C04F79EFBC}") = "MovieAdviser.Client", "MovieAdviser.Client\MovieAdviser.Client.csproj", "{F1FB4C90-00BB-4E28-87EE-E490CF93C1DB}"
EndProject
Project("{FAE04EC0-301F-11D3-BF4B-00C04F79EFBC}") = "MovieAdviser.WebAPI", "MovieAdviser.WebAPI\MovieAdviser.WebAPI.csproj", "{686B5901-E049-42E8-B153-DDC8305A5409}"
EndProject
Global
	GlobalSection(SolutionConfigurationPlatforms) = preSolution
		Debug|Any CPU = Debug|Any CPU
		Release|Any CPU = Release|Any CPU
	EndGlobalSection
	GlobalSection(ProjectConfigurationPlatforms) = postSolution
		{026B8199-D2FD-4D00-8122-C90BD36574D0}.Debug|Any CPU.ActiveCfg = Debug|Any CPU
		{026B8199-D2FD-4D00-8122-C90BD36574D0}.Debug|Any CPU.Build.0 = Debug|Any CPU
		{026B8199-D2FD-4D00-8122-C90BD36574D0}.Release|Any CPU.ActiveCfg = Release|Any CPU
		{026B8199-D2FD-4D00-8122-C90BD36574D0}.Release|Any CPU.Build.0 = Release|Any CPU
		{F237B54C-B79D-4F5B-9165-A29AB8CE48BB}.Debug|Any CPU.ActiveCfg = Debug|Any CPU
		{F237B54C-B79D-4F5B-9165-A29AB8CE48BB}.Debug|Any CPU.Build.0 = Debug|Any CPU
		{F237B54C-B79D-4F5B-9165-A29AB8CE48BB}.Release|Any CPU.ActiveCfg = Release|Any CPU
		{F237B54C-B79D-4F5B-9165-A29AB8CE48BB}.Release|Any CPU.Build.0 = Release|Any CPU
		{B260B490-0FF2-494D-AD8A-7DC5FF0AD37E}.Debug|Any CPU.ActiveCfg = Debug|Any CPU
		{B260B490-0FF2-494D-AD8A-7DC5FF0AD37E}.Debug|Any CPU.Build.0 = Debug|Any CPU
		{B260B490-0FF2-494D-AD8A-7DC5FF0AD37E}.Release|Any CPU.ActiveCfg = Release|Any CPU
		{B260B490-0FF2-494D-AD8A-7DC5FF0AD37E}.Release|Any CPU.Build.0 = Release|Any CPU
		{8ED404E2-4363-40B2-B44E-30986BD692F6}.Debug|Any CPU.ActiveCfg = Debug|Any CPU
		{8ED404E2-4363-40B2-B44E-30986BD692F6}.Debug|Any CPU.Build.0 = Debug|Any CPU
		{8ED404E2-4363-40B2-B44E-30986BD692F6}.Release|Any CPU.ActiveCfg = Release|Any CPU
		{8ED404E2-4363-40B2-B44E-30986BD692F6}.Release|Any CPU.Build.0 = Release|Any CPU
		{F1FB4C90-00BB-4E28-87EE-E490CF93C1DB}.Debug|Any CPU.ActiveCfg = Debug|Any CPU
		{F1FB4C90-00BB-4E28-87EE-E490CF93C1DB}.Debug|Any CPU.Build.0 = Debug|Any CPU
		{F1FB4C90-00BB-4E28-87EE-E490CF93C1DB}.Release|Any CPU.ActiveCfg = Release|Any CPU
		{F1FB4C90-00BB-4E28-87EE-E490CF93C1DB}.Release|Any CPU.Build.0 = Release|Any CPU
		{686B5901-E049-42E8-B153-DDC8305A5409}.Debug|Any CPU.ActiveCfg = Debug|Any CPU
		{686B5901-E049-42E8-B153-DDC8305A5409}.Debug|Any CPU.Build.0 = Debug|Any CPU
		{686B5901-E049-42E8-B153-DDC8305A5409}.Release|Any CPU.ActiveCfg = Release|Any CPU
		{686B5901-E049-42E8-B153-DDC8305A5409}.Release|Any CPU.Build.0 = Release|Any CPU
	EndGlobalSection
EndGlobal
